
Microsoft Visual Studio Solution File, Format Version 12.00
# Visual Studio Version 17
VisualStudioVersion = 17.5.002.0
MinimumVisualStudioVersion = 10.0.40219.1
Project("{9A19103F-16F7-4668-BE54-9A1E7A4F7556}") = "Employee_VsCode_Chapter7_Classes", "Employee_VsCode_Chapter7_Classes.csproj", "{43A9C737-D2ED-405C-B27A-D12B75688370}"
EndProject
Global
	GlobalSection(SolutionConfigurationPlatforms) = preSolution
		Debug|Any CPU = Debug|Any CPU
		Release|Any CPU = Release|Any CPU
	EndGlobalSection
	GlobalSection(ProjectConfigurationPlatforms) = postSolution
		{43A9C737-D2ED-405C-B27A-D12B75688370}.Debug|Any CPU.ActiveCfg = Debug|Any CPU
		{43A9C737-D2ED-405C-B27A-D12B75688370}.Debug|Any CPU.Build.0 = Debug|Any CPU
		{43A9C737-D2ED-405C-B27A-D12B75688370}.Release|Any CPU.ActiveCfg = Release|Any CPU
		{43A9C737-D2ED-405C-B27A-D12B75688370}.Release|Any CPU.Build.0 = Release|Any CPU
	EndGlobalSection
	GlobalSection(SolutionProperties) = preSolution
		HideSolutionNode = FALSE
	EndGlobalSection
	GlobalSection(ExtensibilityGlobals) = postSolution
		SolutionGuid = {476E2874-7481-4089-96F4-A908E9587B91}
	EndGlobalSection
EndGlobal
