
Microsoft Visual Studio Solution File, Format Version 12.00
# Visual Studio Version 16
VisualStudioVersion = 25.0.1706.8
MinimumVisualStudioVersion = 10.0.40219.1
Project("{FAE04EC0-301F-11D3-BF4B-00C04F79EFBC}") = "StudentMarksProject", "StudentMarksProject\StudentMarksProject.csproj", "{72FEC68B-B576-46F9-8327-A569C700275B}"
EndProject
Global
	GlobalSection(SolutionConfigurationPlatforms) = preSolution
		Debug|Any CPU = Debug|Any CPU
		Release|Any CPU = Release|Any CPU
	EndGlobalSection
	GlobalSection(ProjectConfigurationPlatforms) = postSolution
		{72FEC68B-B576-46F9-8327-A569C700275B}.Debug|Any CPU.ActiveCfg = Debug|Any CPU
		{72FEC68B-B576-46F9-8327-A569C700275B}.Debug|Any CPU.Build.0 = Debug|Any CPU
		{72FEC68B-B576-46F9-8327-A569C700275B}.Release|Any CPU.ActiveCfg = Release|Any CPU
		{72FEC68B-B576-46F9-8327-A569C700275B}.Release|Any CPU.Build.0 = Release|Any CPU
	EndGlobalSection
	GlobalSection(SolutionProperties) = preSolution
		HideSolutionNode = FALSE
	EndGlobalSection
	GlobalSection(ExtensibilityGlobals) = postSolution
		SolutionGuid = {60E3340D-6D15-4932-BC64-59EF2E65EE0C}
	EndGlobalSection
EndGlobal
