
Microsoft Visual Studio Solution File, Format Version 12.00
# Visual Studio Version 17
VisualStudioVersion = 17.5.002.0
MinimumVisualStudioVersion = 10.0.40219.1
Project("{9A19103F-16F7-4668-BE54-9A1E7A4F7556}") = "BethanysPieShop.InventoryManagement", "BethanysPieShop.InventoryManagement\BethanysPieShop.InventoryManagement.csproj", "{CAED6E1B-CBFB-442B-8E15-787D623C4568}"
EndProject
Project("{FAE04EC0-301F-11D3-BF4B-00C04F79EFBC}") = "BethanysPieShop.InventoryManagement.Tests", "BethanysPieShop.InventoryManagement.Tests\BethanysPieShop.InventoryManagement.Tests.csproj", "{E9884588-BA8D-4470-8E5C-3EBBADEEB810}"
EndProject
Global
	GlobalSection(SolutionConfigurationPlatforms) = preSolution
		Debug|Any CPU = Debug|Any CPU
		Release|Any CPU = Release|Any CPU
	EndGlobalSection
	GlobalSection(ProjectConfigurationPlatforms) = postSolution
		{CAED6E1B-CBFB-442B-8E15-787D623C4568}.Debug|Any CPU.ActiveCfg = Debug|Any CPU
		{CAED6E1B-CBFB-442B-8E15-787D623C4568}.Debug|Any CPU.Build.0 = Debug|Any CPU
		{CAED6E1B-CBFB-442B-8E15-787D623C4568}.Release|Any CPU.ActiveCfg = Release|Any CPU
		{CAED6E1B-CBFB-442B-8E15-787D623C4568}.Release|Any CPU.Build.0 = Release|Any CPU
		{E9884588-BA8D-4470-8E5C-3EBBADEEB810}.Debug|Any CPU.ActiveCfg = Debug|Any CPU
		{E9884588-BA8D-4470-8E5C-3EBBADEEB810}.Debug|Any CPU.Build.0 = Debug|Any CPU
		{E9884588-BA8D-4470-8E5C-3EBBADEEB810}.Release|Any CPU.ActiveCfg = Release|Any CPU
		{E9884588-BA8D-4470-8E5C-3EBBADEEB810}.Release|Any CPU.Build.0 = Release|Any CPU
	EndGlobalSection
	GlobalSection(SolutionProperties) = preSolution
		HideSolutionNode = FALSE
	EndGlobalSection
	GlobalSection(ExtensibilityGlobals) = postSolution
		SolutionGuid = {A89C960A-6570-497D-8523-1D765B531E3D}
	EndGlobalSection
EndGlobal
